// !$*UTF8*$!
{
	archiveVersion = 1;
	classes = {
	};
	objectVersion = 50;
	objects = {

/* Begin PBXBuildFile section */
		8111EEFC2324A0FC005F32A7 /* CacheManager.swift in Sources */ = {isa = PBXBuildFile; fileRef = 8111EEFB2324A0FC005F32A7 /* CacheManager.swift */; };
		8111EEFE232570C5005F32A7 /* Int+Formatting.swift in Sources */ = {isa = PBXBuildFile; fileRef = 8111EEFD232570C5005F32A7 /* Int+Formatting.swift */; };
		8111EF00232570FA005F32A7 /* String+FormatPhone.swift in Sources */ = {isa = PBXBuildFile; fileRef = 8111EEFF232570FA005F32A7 /* String+FormatPhone.swift */; };
		8111EF022325903D005F32A7 /* AllVehiclesOnMapController.swift in Sources */ = {isa = PBXBuildFile; fileRef = 8111EF012325903D005F32A7 /* AllVehiclesOnMapController.swift */; };
		8111EF0423259486005F32A7 /* VehicleAnnotationView.swift in Sources */ = {isa = PBXBuildFile; fileRef = 8111EF0323259486005F32A7 /* VehicleAnnotationView.swift */; };
		8172A0422322B68F005B4DA1 /* AppDelegate.swift in Sources */ = {isa = PBXBuildFile; fileRef = 8172A0412322B68F005B4DA1 /* AppDelegate.swift */; };
		8172A0442322B68F005B4DA1 /* ViewController.swift in Sources */ = {isa = PBXBuildFile; fileRef = 8172A0432322B68F005B4DA1 /* ViewController.swift */; };
		8172A0472322B68F005B4DA1 /* Main.storyboard in Resources */ = {isa = PBXBuildFile; fileRef = 8172A0452322B68F005B4DA1 /* Main.storyboard */; };
		8172A0492322B691005B4DA1 /* Assets.xcassets in Resources */ = {isa = PBXBuildFile; fileRef = 8172A0482322B691005B4DA1 /* Assets.xcassets */; };
		8172A04C2322B691005B4DA1 /* LaunchScreen.storyboard in Resources */ = {isa = PBXBuildFile; fileRef = 8172A04A2322B691005B4DA1 /* LaunchScreen.storyboard */; };
		8172A0542322BA20005B4DA1 /* .swiftlint.yml in Resources */ = {isa = PBXBuildFile; fileRef = 8172A0532322BA1F005B4DA1 /* .swiftlint.yml */; };
		8172A0572322C9F5005B4DA1 /* VehicleCell.swift in Sources */ = {isa = PBXBuildFile; fileRef = 8172A0562322C9F5005B4DA1 /* VehicleCell.swift */; };
		8172A05E2322CF3B005B4DA1 /* VehicleModel.swift in Sources */ = {isa = PBXBuildFile; fileRef = 8172A05D2322CF3B005B4DA1 /* VehicleModel.swift */; };
		8172A0612322D60F005B4DA1 /* Constants.swift in Sources */ = {isa = PBXBuildFile; fileRef = 8172A0602322D60F005B4DA1 /* Constants.swift */; };
		8172A0642322D8FD005B4DA1 /* VehiclesManager.swift in Sources */ = {isa = PBXBuildFile; fileRef = 8172A0632322D8FD005B4DA1 /* VehiclesManager.swift */; };
		8172A0662322E003005B4DA1 /* DataMgr.swift in Sources */ = {isa = PBXBuildFile; fileRef = 8172A0652322E003005B4DA1 /* DataMgr.swift */; };
		8172A06A232314B0005B4DA1 /* ErrorEnums.swift in Sources */ = {isa = PBXBuildFile; fileRef = 8172A069232314B0005B4DA1 /* ErrorEnums.swift */; };
/* End PBXBuildFile section */

/* Begin PBXFileReference section */
		8111EEFB2324A0FC005F32A7 /* CacheManager.swift */ = {isa = PBXFileReference; fileEncoding = 4; lastKnownFileType = sourcecode.swift; path = CacheManager.swift; sourceTree = "<group>"; };
		8111EEFD232570C5005F32A7 /* Int+Formatting.swift */ = {isa = PBXFileReference; fileEncoding = 4; lastKnownFileType = sourcecode.swift; path = "Int+Formatting.swift"; sourceTree = "<group>"; };
		8111EEFF232570FA005F32A7 /* String+FormatPhone.swift */ = {isa = PBXFileReference; fileEncoding = 4; lastKnownFileType = sourcecode.swift; path = "String+FormatPhone.swift"; sourceTree = "<group>"; };
		8111EF012325903D005F32A7 /* AllVehiclesOnMapController.swift */ = {isa = PBXFileReference; fileEncoding = 4; lastKnownFileType = sourcecode.swift; path = AllVehiclesOnMapController.swift; sourceTree = "<group>"; };
		8111EF0323259486005F32A7 /* VehicleAnnotationView.swift */ = {isa = PBXFileReference; fileEncoding = 4; lastKnownFileType = sourcecode.swift; path = VehicleAnnotationView.swift; sourceTree = "<group>"; };
		8172A03E2322B68F005B4DA1 /* CarfaxIOS.app */ = {isa = PBXFileReference; explicitFileType = wrapper.application; includeInIndex = 0; path = CarfaxIOS.app; sourceTree = BUILT_PRODUCTS_DIR; };
		8172A0412322B68F005B4DA1 /* AppDelegate.swift */ = {isa = PBXFileReference; lastKnownFileType = sourcecode.swift; path = AppDelegate.swift; sourceTree = "<group>"; };
		8172A0432322B68F005B4DA1 /* ViewController.swift */ = {isa = PBXFileReference; lastKnownFileType = sourcecode.swift; path = ViewController.swift; sourceTree = "<group>"; };
		8172A0462322B68F005B4DA1 /* Base */ = {isa = PBXFileReference; lastKnownFileType = file.storyboard; name = Base; path = Base.lproj/Main.storyboard; sourceTree = "<group>"; };
		8172A0482322B691005B4DA1 /* Assets.xcassets */ = {isa = PBXFileReference; lastKnownFileType = folder.assetcatalog; path = Assets.xcassets; sourceTree = "<group>"; };
		8172A04B2322B691005B4DA1 /* Base */ = {isa = PBXFileReference; lastKnownFileType = file.storyboard; name = Base; path = Base.lproj/LaunchScreen.storyboard; sourceTree = "<group>"; };
		8172A04D2322B691005B4DA1 /* Info.plist */ = {isa = PBXFileReference; lastKnownFileType = text.plist.xml; path = Info.plist; sourceTree = "<group>"; };
		8172A0532322BA1F005B4DA1 /* .swiftlint.yml */ = {isa = PBXFileReference; fileEncoding = 4; lastKnownFileType = text; path = .swiftlint.yml; sourceTree = "<group>"; };
		8172A0562322C9F5005B4DA1 /* VehicleCell.swift */ = {isa = PBXFileReference; fileEncoding = 4; lastKnownFileType = sourcecode.swift; path = VehicleCell.swift; sourceTree = "<group>"; };
		8172A05D2322CF3B005B4DA1 /* VehicleModel.swift */ = {isa = PBXFileReference; fileEncoding = 4; lastKnownFileType = sourcecode.swift; path = VehicleModel.swift; sourceTree = "<group>"; };
		8172A0602322D60F005B4DA1 /* Constants.swift */ = {isa = PBXFileReference; fileEncoding = 4; lastKnownFileType = sourcecode.swift; path = Constants.swift; sourceTree = "<group>"; };
		8172A0632322D8FD005B4DA1 /* VehiclesManager.swift */ = {isa = PBXFileReference; fileEncoding = 4; lastKnownFileType = sourcecode.swift; path = VehiclesManager.swift; sourceTree = "<group>"; };
		8172A0652322E003005B4DA1 /* DataMgr.swift */ = {isa = PBXFileReference; fileEncoding = 4; lastKnownFileType = sourcecode.swift; path = DataMgr.swift; sourceTree = "<group>"; };
		8172A069232314B0005B4DA1 /* ErrorEnums.swift */ = {isa = PBXFileReference; fileEncoding = 4; lastKnownFileType = sourcecode.swift; path = ErrorEnums.swift; sourceTree = "<group>"; };
/* End PBXFileReference section */

/* Begin PBXFrameworksBuildPhase section */
		8172A03B2322B68F005B4DA1 /* Frameworks */ = {
			isa = PBXFrameworksBuildPhase;
			buildActionMask = 2147483647;
			files = (
			);
			runOnlyForDeploymentPostprocessing = 0;
		};
/* End PBXFrameworksBuildPhase section */

/* Begin PBXGroup section */
		8111EEF723246C03005F32A7 /* Extensions */ = {
			isa = PBXGroup;
			children = (
				8111EEFF232570FA005F32A7 /* String+FormatPhone.swift */,
				8111EEFD232570C5005F32A7 /* Int+Formatting.swift */,
			);
			path = Extensions;
			sourceTree = "<group>";
		};
		8111EEF823246C0F005F32A7 /* Utils */ = {
			isa = PBXGroup;
			children = (
				8111EEFB2324A0FC005F32A7 /* CacheManager.swift */,
				8111EEF723246C03005F32A7 /* Extensions */,
			);
			path = Utils;
			sourceTree = "<group>";
		};
		8172A0352322B68F005B4DA1 = {
			isa = PBXGroup;
			children = (
				8172A0532322BA1F005B4DA1 /* .swiftlint.yml */,
				8172A0402322B68F005B4DA1 /* CarfaxIOS */,
				8172A03F2322B68F005B4DA1 /* Products */,
			);
			sourceTree = "<group>";
		};
		8172A03F2322B68F005B4DA1 /* Products */ = {
			isa = PBXGroup;
			children = (
				8172A03E2322B68F005B4DA1 /* CarfaxIOS.app */,
			);
			name = Products;
			sourceTree = "<group>";
		};
		8172A0402322B68F005B4DA1 /* CarfaxIOS */ = {
			isa = PBXGroup;
			children = (
				8111EEF823246C0F005F32A7 /* Utils */,
				8172A0622322D615005B4DA1 /* Constants */,
				8172A05F2322CF42005B4DA1 /* Model */,
				8172A0582322C9FC005B4DA1 /* View */,
				8172A0412322B68F005B4DA1 /* AppDelegate.swift */,
				8172A0592322CED9005B4DA1 /* Controller */,
				8172A0452322B68F005B4DA1 /* Main.storyboard */,
				8172A0482322B691005B4DA1 /* Assets.xcassets */,
				8172A04A2322B691005B4DA1 /* LaunchScreen.storyboard */,
				8172A04D2322B691005B4DA1 /* Info.plist */,
			);
			path = CarfaxIOS;
			sourceTree = "<group>";
		};
		8172A0582322C9FC005B4DA1 /* View */ = {
			isa = PBXGroup;
			children = (
				8111EF0323259486005F32A7 /* VehicleAnnotationView.swift */,
				8172A0562322C9F5005B4DA1 /* VehicleCell.swift */,
			);
			path = View;
			sourceTree = "<group>";
		};
		8172A0592322CED9005B4DA1 /* Controller */ = {
			isa = PBXGroup;
			children = (
				8111EF012325903D005F32A7 /* AllVehiclesOnMapController.swift */,
				8172A0432322B68F005B4DA1 /* ViewController.swift */,
			);
			path = Controller;
			sourceTree = "<group>";
		};
		8172A05F2322CF42005B4DA1 /* Model */ = {
			isa = PBXGroup;
			children = (
				8172A0672322E00D005B4DA1 /* DataAccess */,
				8172A0682322E018005B4DA1 /* ViewModel */,
			);
			path = Model;
			sourceTree = "<group>";
		};
		8172A0622322D615005B4DA1 /* Constants */ = {
			isa = PBXGroup;
			children = (
				8172A069232314B0005B4DA1 /* ErrorEnums.swift */,
				8172A0602322D60F005B4DA1 /* Constants.swift */,
			);
			path = Constants;
			sourceTree = "<group>";
		};
		8172A0672322E00D005B4DA1 /* DataAccess */ = {
			isa = PBXGroup;
			children = (
				8172A0652322E003005B4DA1 /* DataMgr.swift */,
			);
			path = DataAccess;
			sourceTree = "<group>";
		};
		8172A0682322E018005B4DA1 /* ViewModel */ = {
			isa = PBXGroup;
			children = (
				8172A0632322D8FD005B4DA1 /* VehiclesManager.swift */,
				8172A05D2322CF3B005B4DA1 /* VehicleModel.swift */,
			);
			path = ViewModel;
			sourceTree = "<group>";
		};
/* End PBXGroup section */

/* Begin PBXNativeTarget section */
		8172A03D2322B68F005B4DA1 /* CarfaxIOS */ = {
			isa = PBXNativeTarget;
			buildConfigurationList = 8172A0502322B691005B4DA1 /* Build configuration list for PBXNativeTarget "CarfaxIOS" */;
			buildPhases = (
				8172A03A2322B68F005B4DA1 /* Sources */,
				8172A03B2322B68F005B4DA1 /* Frameworks */,
				8172A03C2322B68F005B4DA1 /* Resources */,
				8172A0552322BA2F005B4DA1 /* ShellScript */,
			);
			buildRules = (
			);
			dependencies = (
			);
			name = CarfaxIOS;
			productName = CarfaxIOS;
			productReference = 8172A03E2322B68F005B4DA1 /* CarfaxIOS.app */;
			productType = "com.apple.product-type.application";
		};
/* End PBXNativeTarget section */

/* Begin PBXProject section */
		8172A0362322B68F005B4DA1 /* Project object */ = {
			isa = PBXProject;
			attributes = {
				LastSwiftUpdateCheck = 1030;
				LastUpgradeCheck = 1030;
				ORGANIZATIONNAME = "Vipul Arvind";
				TargetAttributes = {
					8172A03D2322B68F005B4DA1 = {
						CreatedOnToolsVersion = 10.3;
					};
				};
			};
			buildConfigurationList = 8172A0392322B68F005B4DA1 /* Build configuration list for PBXProject "CarfaxIOS" */;
			compatibilityVersion = "Xcode 9.3";
			developmentRegion = en;
			hasScannedForEncodings = 0;
			knownRegions = (
				en,
				Base,
			);
			mainGroup = 8172A0352322B68F005B4DA1;
			productRefGroup = 8172A03F2322B68F005B4DA1 /* Products */;
			projectDirPath = "";
			projectRoot = "";
			targets = (
				8172A03D2322B68F005B4DA1 /* CarfaxIOS */,
			);
		};
/* End PBXProject section */

/* Begin PBXResourcesBuildPhase section */
		8172A03C2322B68F005B4DA1 /* Resources */ = {
			isa = PBXResourcesBuildPhase;
			buildActionMask = 2147483647;
			files = (
				8172A0542322BA20005B4DA1 /* .swiftlint.yml in Resources */,
				8172A04C2322B691005B4DA1 /* LaunchScreen.storyboard in Resources */,
				8172A0492322B691005B4DA1 /* Assets.xcassets in Resources */,
				8172A0472322B68F005B4DA1 /* Main.storyboard in Resources */,
			);
			runOnlyForDeploymentPostprocessing = 0;
		};
/* End PBXResourcesBuildPhase section */

/* Begin PBXShellScriptBuildPhase section */
		8172A0552322BA2F005B4DA1 /* ShellScript */ = {
			isa = PBXShellScriptBuildPhase;
			buildActionMask = 2147483647;
			files = (
			);
			inputFileListPaths = (
			);
			inputPaths = (
			);
			outputFileListPaths = (
			);
			outputPaths = (
			);
			runOnlyForDeploymentPostprocessing = 0;
			shellPath = /bin/sh;
			shellScript = "if which swiftlint >/dev/null; then\nswiftlint\nelse\necho \"warning: SwiftLint not installed, download from https://github.com/realm/SwiftLint\"\nfi\n";
		};
/* End PBXShellScriptBuildPhase section */

/* Begin PBXSourcesBuildPhase section */
		8172A03A2322B68F005B4DA1 /* Sources */ = {
			isa = PBXSourcesBuildPhase;
			buildActionMask = 2147483647;
			files = (
				8172A0642322D8FD005B4DA1 /* VehiclesManager.swift in Sources */,
				8172A0612322D60F005B4DA1 /* Constants.swift in Sources */,
				8172A0572322C9F5005B4DA1 /* VehicleCell.swift in Sources */,
				8172A0442322B68F005B4DA1 /* ViewController.swift in Sources */,
				8111EF00232570FA005F32A7 /* String+FormatPhone.swift in Sources */,
				8111EF0423259486005F32A7 /* VehicleAnnotationView.swift in Sources */,
				8111EEFC2324A0FC005F32A7 /* CacheManager.swift in Sources */,
				8172A0662322E003005B4DA1 /* DataMgr.swift in Sources */,
				8172A06A232314B0005B4DA1 /* ErrorEnums.swift in Sources */,
				8111EF022325903D005F32A7 /* AllVehiclesOnMapController.swift in Sources */,
				8172A05E2322CF3B005B4DA1 /* VehicleModel.swift in Sources */,
				8111EEFE232570C5005F32A7 /* Int+Formatting.swift in Sources */,
				8172A0422322B68F005B4DA1 /* AppDelegate.swift in Sources */,
			);
			runOnlyForDeploymentPostprocessing = 0;
		};
/* End PBXSourcesBuildPhase section */

/* Begin PBXVariantGroup section */
		8172A0452322B68F005B4DA1 /* Main.storyboard */ = {
			isa = PBXVariantGroup;
			children = (
				8172A0462322B68F005B4DA1 /* Base */,
			);
			name = Main.storyboard;
			sourceTree = "<group>";
		};
		8172A04A2322B691005B4DA1 /* LaunchScreen.storyboard */ = {
			isa = PBXVariantGroup;
			children = (
				8172A04B2322B691005B4DA1 /* Base */,
			);
			name = LaunchScreen.storyboard;
			sourceTree = "<group>";
		};
/* End PBXVariantGroup section */

/* Begin XCBuildConfiguration section */
		8172A04E2322B691005B4DA1 /* Debug */ = {
			isa = XCBuildConfiguration;
			buildSettings = {
				ALWAYS_SEARCH_USER_PATHS = NO;
				CLANG_ANALYZER_NONNULL = YES;
				CLANG_ANALYZER_NUMBER_OBJECT_CONVERSION = YES_AGGRESSIVE;
				CLANG_CXX_LANGUAGE_STANDARD = "gnu++14";
				CLANG_CXX_LIBRARY = "libc++";
				CLANG_ENABLE_MODULES = YES;
				CLANG_ENABLE_OBJC_ARC = YES;
				CLANG_ENABLE_OBJC_WEAK = YES;
				CLANG_WARN_BLOCK_CAPTURE_AUTORELEASING = YES;
				CLANG_WARN_BOOL_CONVERSION = YES;
				CLANG_WARN_COMMA = YES;
				CLANG_WARN_CONSTANT_CONVERSION = YES;
				CLANG_WARN_DEPRECATED_OBJC_IMPLEMENTATIONS = YES;
				CLANG_WARN_DIRECT_OBJC_ISA_USAGE = YES_ERROR;
				CLANG_WARN_DOCUMENTATION_COMMENTS = YES;
				CLANG_WARN_EMPTY_BODY = YES;
				CLANG_WARN_ENUM_CONVERSION = YES;
				CLANG_WARN_INFINITE_RECURSION = YES;
				CLANG_WARN_INT_CONVERSION = YES;
				CLANG_WARN_NON_LITERAL_NULL_CONVERSION = YES;
				CLANG_WARN_OBJC_IMPLICIT_RETAIN_SELF = YES;
				CLANG_WARN_OBJC_LITERAL_CONVERSION = YES;
				CLANG_WARN_OBJC_ROOT_CLASS = YES_ERROR;
				CLANG_WARN_RANGE_LOOP_ANALYSIS = YES;
				CLANG_WARN_STRICT_PROTOTYPES = YES;
				CLANG_WARN_SUSPICIOUS_MOVE = YES;
				CLANG_WARN_UNGUARDED_AVAILABILITY = YES_AGGRESSIVE;
				CLANG_WARN_UNREACHABLE_CODE = YES;
				CLANG_WARN__DUPLICATE_METHOD_MATCH = YES;
				CODE_SIGN_IDENTITY = "iPhone Developer";
				COPY_PHASE_STRIP = NO;
				DEBUG_INFORMATION_FORMAT = dwarf;
				ENABLE_STRICT_OBJC_MSGSEND = YES;
				ENABLE_TESTABILITY = YES;
				GCC_C_LANGUAGE_STANDARD = gnu11;
				GCC_DYNAMIC_NO_PIC = NO;
				GCC_NO_COMMON_BLOCKS = YES;
				GCC_OPTIMIZATION_LEVEL = 0;
				GCC_PREPROCESSOR_DEFINITIONS = (
					"DEBUG=1",
					"$(inherited)",
				);
				GCC_WARN_64_TO_32_BIT_CONVERSION = YES;
				GCC_WARN_ABOUT_RETURN_TYPE = YES_ERROR;
				GCC_WARN_UNDECLARED_SELECTOR = YES;
				GCC_WARN_UNINITIALIZED_AUTOS = YES_AGGRESSIVE;
				GCC_WARN_UNUSED_FUNCTION = YES;
				GCC_WARN_UNUSED_VARIABLE = YES;
				IPHONEOS_DEPLOYMENT_TARGET = 12.4;
				MTL_ENABLE_DEBUG_INFO = INCLUDE_SOURCE;
				MTL_FAST_MATH = YES;
				ONLY_ACTIVE_ARCH = YES;
				SDKROOT = iphoneos;
				SWIFT_ACTIVE_COMPILATION_CONDITIONS = DEBUG;
				SWIFT_OPTIMIZATION_LEVEL = "-Onone";
			};
			name = Debug;
		};
		8172A04F2322B691005B4DA1 /* Release */ = {
			isa = XCBuildConfiguration;
			buildSettings = {
				ALWAYS_SEARCH_USER_PATHS = NO;
				CLANG_ANALYZER_NONNULL = YES;
				CLANG_ANALYZER_NUMBER_OBJECT_CONVERSION = YES_AGGRESSIVE;
				CLANG_CXX_LANGUAGE_STANDARD = "gnu++14";
				CLANG_CXX_LIBRARY = "libc++";
				CLANG_ENABLE_MODULES = YES;
				CLANG_ENABLE_OBJC_ARC = YES;
				CLANG_ENABLE_OBJC_WEAK = YES;
				CLANG_WARN_BLOCK_CAPTURE_AUTORELEASING = YES;
				CLANG_WARN_BOOL_CONVERSION = YES;
				CLANG_WARN_COMMA = YES;
				CLANG_WARN_CONSTANT_CONVERSION = YES;
				CLANG_WARN_DEPRECATED_OBJC_IMPLEMENTATIONS = YES;
				CLANG_WARN_DIRECT_OBJC_ISA_USAGE = YES_ERROR;
				CLANG_WARN_DOCUMENTATION_COMMENTS = YES;
				CLANG_WARN_EMPTY_BODY = YES;
				CLANG_WARN_ENUM_CONVERSION = YES;
				CLANG_WARN_INFINITE_RECURSION = YES;
				CLANG_WARN_INT_CONVERSION = YES;
				CLANG_WARN_NON_LITERAL_NULL_CONVERSION = YES;
				CLANG_WARN_OBJC_IMPLICIT_RETAIN_SELF = YES;
				CLANG_WARN_OBJC_LITERAL_CONVERSION = YES;
				CLANG_WARN_OBJC_ROOT_CLASS = YES_ERROR;
				CLANG_WARN_RANGE_LOOP_ANALYSIS = YES;
				CLANG_WARN_STRICT_PROTOTYPES = YES;
				CLANG_WARN_SUSPICIOUS_MOVE = YES;
				CLANG_WARN_UNGUARDED_AVAILABILITY = YES_AGGRESSIVE;
				CLANG_WARN_UNREACHABLE_CODE = YES;
				CLANG_WARN__DUPLICATE_METHOD_MATCH = YES;
				CODE_SIGN_IDENTITY = "iPhone Developer";
				COPY_PHASE_STRIP = NO;
				DEBUG_INFORMATION_FORMAT = "dwarf-with-dsym";
				ENABLE_NS_ASSERTIONS = NO;
				ENABLE_STRICT_OBJC_MSGSEND = YES;
				GCC_C_LANGUAGE_STANDARD = gnu11;
				GCC_NO_COMMON_BLOCKS = YES;
				GCC_WARN_64_TO_32_BIT_CONVERSION = YES;
				GCC_WARN_ABOUT_RETURN_TYPE = YES_ERROR;
				GCC_WARN_UNDECLARED_SELECTOR = YES;
				GCC_WARN_UNINITIALIZED_AUTOS = YES_AGGRESSIVE;
				GCC_WARN_UNUSED_FUNCTION = YES;
				GCC_WARN_UNUSED_VARIABLE = YES;
				IPHONEOS_DEPLOYMENT_TARGET = 12.4;
				MTL_ENABLE_DEBUG_INFO = NO;
				MTL_FAST_MATH = YES;
				SDKROOT = iphoneos;
				SWIFT_COMPILATION_MODE = wholemodule;
				SWIFT_OPTIMIZATION_LEVEL = "-O";
				VALIDATE_PRODUCT = YES;
			};
			name = Release;
		};
		8172A0512322B691005B4DA1 /* Debug */ = {
			isa = XCBuildConfiguration;
			buildSettings = {
				ASSETCATALOG_COMPILER_APPICON_NAME = AppIcon;
				CODE_SIGN_STYLE = Automatic;
				DEVELOPMENT_TEAM = 87RV6HKP5C;
				INFOPLIST_FILE = CarfaxIOS/Info.plist;
				LD_RUNPATH_SEARCH_PATHS = (
					"$(inherited)",
					"@executable_path/Frameworks",
				);
				PRODUCT_BUNDLE_IDENTIFIER = com.macoligarch.CarfaxIOS;
				PRODUCT_NAME = "$(TARGET_NAME)";
				SWIFT_VERSION = 5.0;
				TARGETED_DEVICE_FAMILY = "1,2";
			};
			name = Debug;
		};
		8172A0522322B691005B4DA1 /* Release */ = {
			isa = XCBuildConfiguration;
			buildSettings = {
				ASSETCATALOG_COMPILER_APPICON_NAME = AppIcon;
				CODE_SIGN_STYLE = Automatic;
				DEVELOPMENT_TEAM = 87RV6HKP5C;
				INFOPLIST_FILE = CarfaxIOS/Info.plist;
				LD_RUNPATH_SEARCH_PATHS = (
					"$(inherited)",
					"@executable_path/Frameworks",
				);
				PRODUCT_BUNDLE_IDENTIFIER = com.macoligarch.CarfaxIOS;
				PRODUCT_NAME = "$(TARGET_NAME)";
				SWIFT_VERSION = 5.0;
				TARGETED_DEVICE_FAMILY = "1,2";
			};
			name = Release;
		};
/* End XCBuildConfiguration section */

/* Begin XCConfigurationList section */
		8172A0392322B68F005B4DA1 /* Build configuration list for PBXProject "CarfaxIOS" */ = {
			isa = XCConfigurationList;
			buildConfigurations = (
				8172A04E2322B691005B4DA1 /* Debug */,
				8172A04F2322B691005B4DA1 /* Release */,
			);
			defaultConfigurationIsVisible = 0;
			defaultConfigurationName = Release;
		};
		8172A0502322B691005B4DA1 /* Build configuration list for PBXNativeTarget "CarfaxIOS" */ = {
			isa = XCConfigurationList;
			buildConfigurations = (
				8172A0512322B691005B4DA1 /* Debug */,
				8172A0522322B691005B4DA1 /* Release */,
			);
			defaultConfigurationIsVisible = 0;
			defaultConfigurationName = Release;
		};
/* End XCConfigurationList section */
	};
	rootObject = 8172A0362322B68F005B4DA1 /* Project object */;
}
